
Microsoft Visual Studio Solution File, Format Version 12.00
# Visual Studio Version 16
VisualStudioVersion = 16.0.30104.148
MinimumVisualStudioVersion = 10.0.40219.1
Project("{FAE04EC0-301F-11D3-BF4B-00C04F79EFBC}") = "CS-2_Lesson1", "CS-2_Lesson1\CS-2_Lesson1.csproj", "{3954FFC4-E934-46AD-9BDC-C3A5999F47DE}"
EndProject
Project("{FAE04EC0-301F-11D3-BF4B-00C04F79EFBC}") = "Game_PanarinAlexander", "Game_PanarinAlexander\Game_PanarinAlexander.csproj", "{1E4E9804-DABD-40E4-9BAD-7D7279B9EB59}"
EndProject
Project("{FAE04EC0-301F-11D3-BF4B-00C04F79EFBC}") = "CS-2_Lesson2", "CS-2_Lesson2\CS-2_Lesson2.csproj", "{9C6A092B-14CB-473A-A363-F9D359601B86}"
EndProject
Project("{FAE04EC0-301F-11D3-BF4B-00C04F79EFBC}") = "Worker", "CS-2_Lesson2\Worker\Worker.csproj", "{CBB9EDF6-2618-4150-8579-60D803EFC70D}"
EndProject
Project("{FAE04EC0-301F-11D3-BF4B-00C04F79EFBC}") = "CS-2_Lesson4", "CS-2_Lesson4\CS-2_Lesson4.csproj", "{D4EC3AFB-1417-4646-8A97-8ECE5BD8F07B}"
EndProject
Global
	GlobalSection(SolutionConfigurationPlatforms) = preSolution
		Debug|Any CPU = Debug|Any CPU
		Release|Any CPU = Release|Any CPU
	EndGlobalSection
	GlobalSection(ProjectConfigurationPlatforms) = postSolution
		{3954FFC4-E934-46AD-9BDC-C3A5999F47DE}.Debug|Any CPU.ActiveCfg = Debug|Any CPU
		{3954FFC4-E934-46AD-9BDC-C3A5999F47DE}.Debug|Any CPU.Build.0 = Debug|Any CPU
		{3954FFC4-E934-46AD-9BDC-C3A5999F47DE}.Release|Any CPU.ActiveCfg = Release|Any CPU
		{3954FFC4-E934-46AD-9BDC-C3A5999F47DE}.Release|Any CPU.Build.0 = Release|Any CPU
		{1E4E9804-DABD-40E4-9BAD-7D7279B9EB59}.Debug|Any CPU.ActiveCfg = Debug|Any CPU
		{1E4E9804-DABD-40E4-9BAD-7D7279B9EB59}.Debug|Any CPU.Build.0 = Debug|Any CPU
		{1E4E9804-DABD-40E4-9BAD-7D7279B9EB59}.Release|Any CPU.ActiveCfg = Release|Any CPU
		{1E4E9804-DABD-40E4-9BAD-7D7279B9EB59}.Release|Any CPU.Build.0 = Release|Any CPU
		{9C6A092B-14CB-473A-A363-F9D359601B86}.Debug|Any CPU.ActiveCfg = Debug|Any CPU
		{9C6A092B-14CB-473A-A363-F9D359601B86}.Debug|Any CPU.Build.0 = Debug|Any CPU
		{9C6A092B-14CB-473A-A363-F9D359601B86}.Release|Any CPU.ActiveCfg = Release|Any CPU
		{9C6A092B-14CB-473A-A363-F9D359601B86}.Release|Any CPU.Build.0 = Release|Any CPU
		{CBB9EDF6-2618-4150-8579-60D803EFC70D}.Debug|Any CPU.ActiveCfg = Debug|Any CPU
		{CBB9EDF6-2618-4150-8579-60D803EFC70D}.Debug|Any CPU.Build.0 = Debug|Any CPU
		{CBB9EDF6-2618-4150-8579-60D803EFC70D}.Release|Any CPU.ActiveCfg = Release|Any CPU
		{CBB9EDF6-2618-4150-8579-60D803EFC70D}.Release|Any CPU.Build.0 = Release|Any CPU
		{D4EC3AFB-1417-4646-8A97-8ECE5BD8F07B}.Debug|Any CPU.ActiveCfg = Debug|Any CPU
		{D4EC3AFB-1417-4646-8A97-8ECE5BD8F07B}.Debug|Any CPU.Build.0 = Debug|Any CPU
		{D4EC3AFB-1417-4646-8A97-8ECE5BD8F07B}.Release|Any CPU.ActiveCfg = Release|Any CPU
		{D4EC3AFB-1417-4646-8A97-8ECE5BD8F07B}.Release|Any CPU.Build.0 = Release|Any CPU
	EndGlobalSection
	GlobalSection(SolutionProperties) = preSolution
		HideSolutionNode = FALSE
	EndGlobalSection
	GlobalSection(ExtensibilityGlobals) = postSolution
		SolutionGuid = {80451E44-D284-4A00-88FD-5EA8F8785F68}
	EndGlobalSection
EndGlobal
